
Microsoft Visual Studio Solution File, Format Version 12.00
# Visual Studio Version 16
VisualStudioVersion = 16.0.32106.194
MinimumVisualStudioVersion = 10.0.40219.1
Project("{FAE04EC0-301F-11D3-BF4B-00C04F79EFBC}") = "bank1", "bank1\bank1.csproj", "{3AEDD5E4-2C06-47EA-BECC-F2AD608C2D71}"
EndProject
Global
	GlobalSection(SolutionConfigurationPlatforms) = preSolution
		Debug|Any CPU = Debug|Any CPU
		Release|Any CPU = Release|Any CPU
	EndGlobalSection
	GlobalSection(ProjectConfigurationPlatforms) = postSolution
		{3AEDD5E4-2C06-47EA-BECC-F2AD608C2D71}.Debug|Any CPU.ActiveCfg = Debug|Any CPU
		{3AEDD5E4-2C06-47EA-BECC-F2AD608C2D71}.Debug|Any CPU.Build.0 = Debug|Any CPU
		{3AEDD5E4-2C06-47EA-BECC-F2AD608C2D71}.Release|Any CPU.ActiveCfg = Release|Any CPU
		{3AEDD5E4-2C06-47EA-BECC-F2AD608C2D71}.Release|Any CPU.Build.0 = Release|Any CPU
	EndGlobalSection
	GlobalSection(SolutionProperties) = preSolution
		HideSolutionNode = FALSE
	EndGlobalSection
	GlobalSection(ExtensibilityGlobals) = postSolution
		SolutionGuid = {B3240542-4C6E-47D8-9AA9-DF99D82E6BAC}
	EndGlobalSection
EndGlobal
